
Microsoft Visual Studio Solution File, Format Version 12.00
# Visual Studio 2013
VisualStudioVersion = 12.0.30110.0
MinimumVisualStudioVersion = 10.0.40219.1
Project("{8BC9CEB8-8B4A-11D0-8D11-00A0C91BC942}") = "CPP_Reflection", "CPP_Reflection.vcxproj", "{1CB4BA3D-FFC0-48C5-9043-2A2953952900}"
EndProject
Global
	GlobalSection(SolutionConfigurationPlatforms) = preSolution
		Debug|Win32 = Debug|Win32
		Release|Win32 = Release|Win32
	EndGlobalSection
	GlobalSection(ProjectConfigurationPlatforms) = postSolution
		{1CB4BA3D-FFC0-48C5-9043-2A2953952900}.Debug|Win32.ActiveCfg = Debug|Win32
		{1CB4BA3D-FFC0-48C5-9043-2A2953952900}.Debug|Win32.Build.0 = Debug|Win32
		{1CB4BA3D-FFC0-48C5-9043-2A2953952900}.Release|Win32.ActiveCfg = Release|Win32
		{1CB4BA3D-FFC0-48C5-9043-2A2953952900}.Release|Win32.Build.0 = Release|Win32
	EndGlobalSection
	GlobalSection(SolutionProperties) = preSolution
		HideSolutionNode = FALSE
	EndGlobalSection
EndGlobal
